{
  "name": "slate-drop-or-paste-images",
  "version": "0.9.1",
  "lockfileVersion": 1,
  "requires": true,
  "dependencies": {
    "data-uri-regex": {
      "version": "0.1.4",
      "resolved": "https://registry.npmjs.org/data-uri-regex/-/data-uri-regex-0.1.4.tgz",
      "integrity": "sha1-Hh22yDl+yopI7NtVrRuSfsC7rC4="
    },
    "debug": {
      "version": "3.2.6",
      "resolved": "https://registry.npmjs.org/debug/-/debug-3.2.6.tgz",
      "integrity": "sha512-mel+jf7nrtEl5Pn1Qx46zARXKDpBbvzezse7p7LqINmdoIk8PYP5SySaxEmYv6TZ0JyEKA1hsCId6DIhgITtWQ==",
      "dev": true,
      "requires": {
        "ms": "^2.1.1"
      }
    },
    "direction": {
      "version": "0.1.5",
      "resolved": "https://registry.npmjs.org/direction/-/direction-0.1.5.tgz",
      "integrity": "sha1-zl15f5fib4vnvv9T99xA4cGp7Ew=",
      "dev": true
    },
    "es6-promise": {
      "version": "4.2.8",
      "resolved": "https://registry.npmjs.org/es6-promise/-/es6-promise-4.2.8.tgz",
      "integrity": "sha512-HJDGx5daxeIvxdBxvG2cb9g4tEvwIk3i8+nhX0yGrYmZUzbkdg8QbDevheDB8gd0//uPj4c1EQua8Q+MViT0/w=="
    },
    "esrever": {
      "version": "0.2.0",
      "resolved": "https://registry.npmjs.org/esrever/-/esrever-0.2.0.tgz",
      "integrity": "sha1-lunSj08bGnZ4TNXUkOquAQ50B7g=",
      "dev": true
    },
    "image-extensions": {
      "version": "1.1.0",
      "resolved": "https://registry.npmjs.org/image-extensions/-/image-extensions-1.1.0.tgz",
      "integrity": "sha1-uOa/YDnfAFbjM1AqALZjejEF2JQ="
    },
    "image-to-data-uri": {
      "version": "1.1.0",
      "resolved": "https://registry.npmjs.org/image-to-data-uri/-/image-to-data-uri-1.1.0.tgz",
      "integrity": "sha1-I/nX8XtlYspqgUXpd5yaFmuCn24="
    },
    "is-data-uri": {
      "version": "0.1.0",
      "resolved": "https://registry.npmjs.org/is-data-uri/-/is-data-uri-0.1.0.tgz",
      "integrity": "sha1-Ru5ntjwYwf+gvU36ss0sgccoI38=",
      "requires": {
        "data-uri-regex": "^0.1.2"
      }
    },
    "is-image": {
      "version": "1.0.1",
      "resolved": "https://registry.npmjs.org/is-image/-/is-image-1.0.1.tgz",
      "integrity": "sha1-b9UadSoaERUG0GDZUhGLC5ibQm4=",
      "requires": {
        "image-extensions": "^1.0.1"
      }
    },
    "is-plain-object": {
      "version": "2.0.4",
      "resolved": "https://registry.npmjs.org/is-plain-object/-/is-plain-object-2.0.4.tgz",
      "integrity": "sha512-h5PpgXkWitc38BBMYawTYMWJHFZJVnBquFE57xFpjB8pJFiF6gZ+bU+WyI/yqXiFR5mdLsgYNaPe8uao6Uv9Og==",
      "dev": true,
      "requires": {
        "isobject": "^3.0.1"
      }
    },
    "is-url": {
      "version": "1.2.4",
      "resolved": "https://registry.npmjs.org/is-url/-/is-url-1.2.4.tgz",
      "integrity": "sha512-ITvGim8FhRiYe4IQ5uHSkj7pVaPDrCTkNd3yq3cV7iZAcJdHTUMPMEHcqSOy9xZ9qFenQCvi+2wjH9a1nXqHww=="
    },
    "isobject": {
      "version": "3.0.1",
      "resolved": "https://registry.npmjs.org/isobject/-/isobject-3.0.1.tgz",
      "integrity": "sha1-TkMekrEalzFjaqH5yNHMvP2reN8=",
      "dev": true
    },
    "lodash": {
      "version": "4.17.15",
      "resolved": "https://registry.npmjs.org/lodash/-/lodash-4.17.15.tgz",
      "integrity": "sha512-8xOcRHvCjnocdS5cpwXQXVzmmh5e5+saE2QGoeQmbKmRS6J3VQppPOIt0MnmE+4xlZoumy0GPG0D0MVIQbNA1A==",
      "dev": true
    },
    "ms": {
      "version": "2.1.2",
      "resolved": "https://registry.npmjs.org/ms/-/ms-2.1.2.tgz",
      "integrity": "sha512-sGkPx+VjMtmA6MX27oA4FBFELFCZZ4S4XqeGOXCv68tT+jb3vk/RyaKWP0PTKyWtmLSM0b+adUTEvbs1PEaH2w==",
      "dev": true
    },
    "slate": {
      "version": "0.42.2",
      "resolved": "https://registry.npmjs.org/slate/-/slate-0.42.2.tgz",
      "integrity": "sha512-qr5WeiXyopJ9Wne+TizVr1OsDKLwaHlfN88NtvJCf4y8q9jJHWhX+zgcFRgmSvo3RHVPKEp28yEc4IuDurODkQ==",
      "dev": true,
      "requires": {
        "debug": "^3.1.0",
        "direction": "^0.1.5",
        "esrever": "^0.2.0",
        "is-plain-object": "^2.0.4",
        "lodash": "^4.17.4",
        "tiny-invariant": "^1.0.1",
        "tiny-warning": "^0.0.3",
        "type-of": "^2.0.1"
      }
    },
    "slate-dev-logger": {
      "version": "0.1.43",
      "resolved": "https://registry.npmjs.org/slate-dev-logger/-/slate-dev-logger-0.1.43.tgz",
      "integrity": "sha512-GkcPMGzmPVm85AL+jaKnzhIA0UH9ktQDEIDM+FuQtz+TAPcpPCQiRAaZ6I2p2uD0Hq9bImhKSCtHIa0qRxiVGw=="
    },
    "tiny-invariant": {
      "version": "1.0.6",
      "resolved": "https://registry.npmjs.org/tiny-invariant/-/tiny-invariant-1.0.6.tgz",
      "integrity": "sha512-FOyLWWVjG+aC0UqG76V53yAWdXfH8bO6FNmyZOuUrzDzK8DI3/JRY25UD7+g49JWM1LXwymsKERB+DzI0dTEQA==",
      "dev": true
    },
    "tiny-warning": {
      "version": "0.0.3",
      "resolved": "https://registry.npmjs.org/tiny-warning/-/tiny-warning-0.0.3.tgz",
      "integrity": "sha512-r0SSA5Y5IWERF9Xh++tFPx0jITBgGggOsRLDWWew6YRw/C2dr4uNO1fw1vanrBmHsICmPyMLNBZboTlxUmUuaA==",
      "dev": true
    },
    "type-of": {
      "version": "2.0.1",
      "resolved": "https://registry.npmjs.org/type-of/-/type-of-2.0.1.tgz",
      "integrity": "sha1-5yoXQYllaOn2KDeNgW1pEvfyOXI=",
      "dev": true
    }
  }
}
